
Microsoft Visual Studio Solution File, Format Version 12.00
# Visual Studio Version 17
VisualStudioVersion = 17.1.32228.430
MinimumVisualStudioVersion = 10.0.40219.1
Project("{9A19103F-16F7-4668-BE54-9A1E7A4F7556}") = "HelloWorld.API", "HelloWorld.API\HelloWorld.API.csproj", "{A6271BE2-D612-48EE-8B4F-DA3BC1687861}"
EndProject
Project("{9A19103F-16F7-4668-BE54-9A1E7A4F7556}") = "HelloWorld.Domain", "HelloWorld.Domain\HelloWorld.Domain.csproj", "{70A6994B-8E93-4F6A-AEB3-718888CF985F}"
EndProject
Project("{9A19103F-16F7-4668-BE54-9A1E7A4F7556}") = "HelloWorld.Infrastructure", "HelloWorld.Infrastructure\HelloWorld.Infrastructure.csproj", "{75902F42-0BD8-443A-B189-E5246EC08093}"
EndProject
Project("{E53339B2-1760-4266-BCC7-CA923CBCF16C}") = "docker-compose", "docker-compose.dcproj", "{7C20455A-363D-4B5C-9406-EA59FD2CA5DA}"
EndProject
Project("{FAE04EC0-301F-11D3-BF4B-00C04F79EFBC}") = "HelloWorld.Shared", "HelloWorld.Shared\HelloWorld.Shared.csproj", "{78947A2D-C125-4D8B-BB9E-F06793B6F2DD}"
EndProject
Project("{FAE04EC0-301F-11D3-BF4B-00C04F79EFBC}") = "HelloWorld.Tests", "HelloWorld.Tests\HelloWorld.Tests.csproj", "{8F1A1B95-7AF1-4455-8D32-117FC86F442C}"
EndProject
Global
	GlobalSection(SolutionConfigurationPlatforms) = preSolution
		Debug|Any CPU = Debug|Any CPU
		Release|Any CPU = Release|Any CPU
	EndGlobalSection
	GlobalSection(ProjectConfigurationPlatforms) = postSolution
		{A6271BE2-D612-48EE-8B4F-DA3BC1687861}.Debug|Any CPU.ActiveCfg = Debug|Any CPU
		{A6271BE2-D612-48EE-8B4F-DA3BC1687861}.Debug|Any CPU.Build.0 = Debug|Any CPU
		{A6271BE2-D612-48EE-8B4F-DA3BC1687861}.Release|Any CPU.ActiveCfg = Release|Any CPU
		{A6271BE2-D612-48EE-8B4F-DA3BC1687861}.Release|Any CPU.Build.0 = Release|Any CPU
		{70A6994B-8E93-4F6A-AEB3-718888CF985F}.Debug|Any CPU.ActiveCfg = Debug|Any CPU
		{70A6994B-8E93-4F6A-AEB3-718888CF985F}.Debug|Any CPU.Build.0 = Debug|Any CPU
		{70A6994B-8E93-4F6A-AEB3-718888CF985F}.Release|Any CPU.ActiveCfg = Release|Any CPU
		{70A6994B-8E93-4F6A-AEB3-718888CF985F}.Release|Any CPU.Build.0 = Release|Any CPU
		{75902F42-0BD8-443A-B189-E5246EC08093}.Debug|Any CPU.ActiveCfg = Debug|Any CPU
		{75902F42-0BD8-443A-B189-E5246EC08093}.Debug|Any CPU.Build.0 = Debug|Any CPU
		{75902F42-0BD8-443A-B189-E5246EC08093}.Release|Any CPU.ActiveCfg = Release|Any CPU
		{75902F42-0BD8-443A-B189-E5246EC08093}.Release|Any CPU.Build.0 = Release|Any CPU
		{7C20455A-363D-4B5C-9406-EA59FD2CA5DA}.Debug|Any CPU.ActiveCfg = Debug|Any CPU
		{7C20455A-363D-4B5C-9406-EA59FD2CA5DA}.Debug|Any CPU.Build.0 = Debug|Any CPU
		{7C20455A-363D-4B5C-9406-EA59FD2CA5DA}.Release|Any CPU.ActiveCfg = Release|Any CPU
		{7C20455A-363D-4B5C-9406-EA59FD2CA5DA}.Release|Any CPU.Build.0 = Release|Any CPU
		{78947A2D-C125-4D8B-BB9E-F06793B6F2DD}.Debug|Any CPU.ActiveCfg = Debug|Any CPU
		{78947A2D-C125-4D8B-BB9E-F06793B6F2DD}.Debug|Any CPU.Build.0 = Debug|Any CPU
		{78947A2D-C125-4D8B-BB9E-F06793B6F2DD}.Release|Any CPU.ActiveCfg = Release|Any CPU
		{78947A2D-C125-4D8B-BB9E-F06793B6F2DD}.Release|Any CPU.Build.0 = Release|Any CPU
		{8F1A1B95-7AF1-4455-8D32-117FC86F442C}.Debug|Any CPU.ActiveCfg = Debug|Any CPU
		{8F1A1B95-7AF1-4455-8D32-117FC86F442C}.Debug|Any CPU.Build.0 = Debug|Any CPU
		{8F1A1B95-7AF1-4455-8D32-117FC86F442C}.Release|Any CPU.ActiveCfg = Release|Any CPU
		{8F1A1B95-7AF1-4455-8D32-117FC86F442C}.Release|Any CPU.Build.0 = Release|Any CPU
	EndGlobalSection
	GlobalSection(SolutionProperties) = preSolution
		HideSolutionNode = FALSE
	EndGlobalSection
	GlobalSection(ExtensibilityGlobals) = postSolution
		SolutionGuid = {7454B93D-D428-4314-9DB6-D0AA00094B72}
	EndGlobalSection
EndGlobal
